
Microsoft Visual Studio Solution File, Format Version 12.00
# Visual Studio Version 16
VisualStudioVersion = 16.0.30804.86
MinimumVisualStudioVersion = 10.0.40219.1
Project("{FAE04EC0-301F-11D3-BF4B-00C04F79EFBC}") = "SP_Execute", "SP_Execute.csproj", "{C943D464-D9AB-4FB5-8673-C357695C6B97}"
EndProject
Project("{FAE04EC0-301F-11D3-BF4B-00C04F79EFBC}") = "SP_Execute.Data.SQL", "SP_Execute.Data.SQL\SP_Execute.Data.SQL.csproj", "{977DDCAF-7054-42AE-94F7-EB04AFE68C1A}"
EndProject
Project("{FAE04EC0-301F-11D3-BF4B-00C04F79EFBC}") = "SP_Execute.Data.Services", "SP_Execute.Data.Services\SP_Execute.Data.Services.csproj", "{C896EAB6-DB37-4D21-A0E6-DB50B080A623}"
EndProject
Global
	GlobalSection(SolutionConfigurationPlatforms) = preSolution
		Debug|Any CPU = Debug|Any CPU
		Release|Any CPU = Release|Any CPU
	EndGlobalSection
	GlobalSection(ProjectConfigurationPlatforms) = postSolution
		{C943D464-D9AB-4FB5-8673-C357695C6B97}.Debug|Any CPU.ActiveCfg = Debug|Any CPU
		{C943D464-D9AB-4FB5-8673-C357695C6B97}.Debug|Any CPU.Build.0 = Debug|Any CPU
		{C943D464-D9AB-4FB5-8673-C357695C6B97}.Release|Any CPU.ActiveCfg = Release|Any CPU
		{C943D464-D9AB-4FB5-8673-C357695C6B97}.Release|Any CPU.Build.0 = Release|Any CPU
		{977DDCAF-7054-42AE-94F7-EB04AFE68C1A}.Debug|Any CPU.ActiveCfg = Debug|Any CPU
		{977DDCAF-7054-42AE-94F7-EB04AFE68C1A}.Debug|Any CPU.Build.0 = Debug|Any CPU
		{977DDCAF-7054-42AE-94F7-EB04AFE68C1A}.Release|Any CPU.ActiveCfg = Release|Any CPU
		{977DDCAF-7054-42AE-94F7-EB04AFE68C1A}.Release|Any CPU.Build.0 = Release|Any CPU
		{C896EAB6-DB37-4D21-A0E6-DB50B080A623}.Debug|Any CPU.ActiveCfg = Debug|Any CPU
		{C896EAB6-DB37-4D21-A0E6-DB50B080A623}.Debug|Any CPU.Build.0 = Debug|Any CPU
		{C896EAB6-DB37-4D21-A0E6-DB50B080A623}.Release|Any CPU.ActiveCfg = Release|Any CPU
		{C896EAB6-DB37-4D21-A0E6-DB50B080A623}.Release|Any CPU.Build.0 = Release|Any CPU
	EndGlobalSection
	GlobalSection(SolutionProperties) = preSolution
		HideSolutionNode = FALSE
	EndGlobalSection
	GlobalSection(ExtensibilityGlobals) = postSolution
		SolutionGuid = {13E9EB46-E0BD-40D4-9413-703D57438896}
	EndGlobalSection
EndGlobal
